# THIS IS AN AUTOGENERATED FILE. DO NOT EDIT THIS FILE DIRECTLY.
# yarn lockfile v1


"@babel/parser@^7.16.4":
  version "7.20.3"
  resolved "https://registry.yarnpkg.com/@babel/parser/-/parser-7.20.3.tgz#5358cf62e380cf69efcb87a7bb922ff88bfac6e2"
  integrity sha512-OP/s5a94frIPXwjzEcv5S/tpQfc6XhxYUnmWpgdqMWGgYCuErA3SzozaRAMQgSZWKeTJxht9aWAkUY+0UzvOFg==

"@coreui/vue@^4.5.0":
  version "4.5.0"
  resolved "https://registry.yarnpkg.com/@coreui/vue/-/vue-4.5.0.tgz#a9054d27ee39e794d85c7cda3e877d7c52ff5d55"
  integrity sha512-D6vv04fJne1zIs4HAyDnsAbKWACvWm+a3N1dfpvUZ8hvi7MrjC4+WqOjVa3xcCFLHU5YkN5XIcZyw0lGmII6vw==

"@esbuild/android-arm@0.15.14":
  version "0.15.14"
  resolved "https://registry.yarnpkg.com/@esbuild/android-arm/-/android-arm-0.15.14.tgz#5d0027f920eeeac313c01fd6ecb8af50c306a466"
  integrity sha512-+Rb20XXxRGisNu2WmNKk+scpanb7nL5yhuI1KR9wQFiC43ddPj/V1fmNyzlFC9bKiG4mYzxW7egtoHVcynr+OA==

"@esbuild/linux-loong64@0.15.14":
  version "0.15.14"
  resolved "https://registry.yarnpkg.com/@esbuild/linux-loong64/-/linux-loong64-0.15.14.tgz#1221684955c44385f8af34f7240088b7dc08d19d"
  integrity sha512-eQi9rosGNVQFJyJWV0HCA5WZae/qWIQME7s8/j8DMvnylfBv62Pbu+zJ2eUDqNf2O4u3WB+OEXyfkpBoe194sg==

"@tootallnate/once@2":
  version "2.0.0"
  resolved "https://registry.yarnpkg.com/@tootallnate/once/-/once-2.0.0.tgz#f544a148d3ab35801c1f633a7441fd87c2e484bf"
  integrity sha512-XCuKFP5PS55gnMVu3dty8KPatLqUoy/ZYzDzAGCQ8JNFCkLXzmI7vNHCR+XpbZaMWQK/vQubr7PkYq8g470J/A==

"@vitejs/plugin-vue@^3.2.0":
  version "3.2.0"
  resolved "https://registry.yarnpkg.com/@vitejs/plugin-vue/-/plugin-vue-3.2.0.tgz#a1484089dd85d6528f435743f84cdd0d215bbb54"
  integrity sha512-E0tnaL4fr+qkdCNxJ+Xd0yM31UwMkQje76fsDVBBUCoGOUPexu2VDUYHL8P4CwV+zMvWw6nlRw19OnRKmYAJpw==

"@vue/compiler-core@3.2.45":
  version "3.2.45"
  resolved "https://registry.yarnpkg.com/@vue/compiler-core/-/compiler-core-3.2.45.tgz#d9311207d96f6ebd5f4660be129fb99f01ddb41b"
  integrity sha512-rcMj7H+PYe5wBV3iYeUgbCglC+pbpN8hBLTJvRiK2eKQiWqu+fG9F+8sW99JdL4LQi7Re178UOxn09puSXvn4A==
  dependencies:
    "@babel/parser" "^7.16.4"
    "@vue/shared" "3.2.45"
    estree-walker "^2.0.2"
    source-map "^0.6.1"

"@vue/compiler-dom@3.2.45":
  version "3.2.45"
  resolved "https://registry.yarnpkg.com/@vue/compiler-dom/-/compiler-dom-3.2.45.tgz#c43cc15e50da62ecc16a42f2622d25dc5fd97dce"
  integrity sha512-tyYeUEuKqqZO137WrZkpwfPCdiiIeXYCcJ8L4gWz9vqaxzIQRccTSwSWZ/Axx5YR2z+LvpUbmPNXxuBU45lyRw==
  dependencies:
    "@vue/compiler-core" "3.2.45"
    "@vue/shared" "3.2.45"

"@vue/compiler-sfc@3.2.45":
  version "3.2.45"
  resolved "https://registry.yarnpkg.com/@vue/compiler-sfc/-/compiler-sfc-3.2.45.tgz#7f7989cc04ec9e7c55acd406827a2c4e96872c70"
  integrity sha512-1jXDuWah1ggsnSAOGsec8cFjT/K6TMZ0sPL3o3d84Ft2AYZi2jWJgRMjw4iaK0rBfA89L5gw427H4n1RZQBu6Q==
  dependencies:
    "@babel/parser" "^7.16.4"
    "@vue/compiler-core" "3.2.45"
    "@vue/compiler-dom" "3.2.45"
    "@vue/compiler-ssr" "3.2.45"
    "@vue/reactivity-transform" "3.2.45"
    "@vue/shared" "3.2.45"
    estree-walker "^2.0.2"
    magic-string "^0.25.7"
    postcss "^8.1.10"
    source-map "^0.6.1"

"@vue/compiler-ssr@3.2.45":
  version "3.2.45"
  resolved "https://registry.yarnpkg.com/@vue/compiler-ssr/-/compiler-ssr-3.2.45.tgz#bd20604b6e64ea15344d5b6278c4141191c983b2"
  integrity sha512-6BRaggEGqhWht3lt24CrIbQSRD5O07MTmd+LjAn5fJj568+R9eUD2F7wMQJjX859seSlrYog7sUtrZSd7feqrQ==
  dependencies:
    "@vue/compiler-dom" "3.2.45"
    "@vue/shared" "3.2.45"

"@vue/devtools-api@^6.0.0-beta.11", "@vue/devtools-api@^6.4.5":
  version "6.4.5"
  resolved "https://registry.yarnpkg.com/@vue/devtools-api/-/devtools-api-6.4.5.tgz#d54e844c1adbb1e677c81c665ecef1a2b4bb8380"
  integrity sha512-JD5fcdIuFxU4fQyXUu3w2KpAJHzTVdN+p4iOX2lMWSHMOoQdMAcpFLZzm9Z/2nmsoZ1a96QEhZ26e50xLBsgOQ==

"@vue/reactivity-transform@3.2.45":
  version "3.2.45"
  resolved "https://registry.yarnpkg.com/@vue/reactivity-transform/-/reactivity-transform-3.2.45.tgz#07ac83b8138550c83dfb50db43cde1e0e5e8124d"
  integrity sha512-BHVmzYAvM7vcU5WmuYqXpwaBHjsS8T63jlKGWVtHxAHIoMIlmaMyurUSEs1Zcg46M4AYT5MtB1U274/2aNzjJQ==
  dependencies:
    "@babel/parser" "^7.16.4"
    "@vue/compiler-core" "3.2.45"
    "@vue/shared" "3.2.45"
    estree-walker "^2.0.2"
    magic-string "^0.25.7"

"@vue/reactivity@3.2.45":
  version "3.2.45"
  resolved "https://registry.yarnpkg.com/@vue/reactivity/-/reactivity-3.2.45.tgz#412a45b574de601be5a4a5d9a8cbd4dee4662ff0"
  integrity sha512-PRvhCcQcyEVohW0P8iQ7HDcIOXRjZfAsOds3N99X/Dzewy8TVhTCT4uXpAHfoKjVTJRA0O0K+6QNkDIZAxNi3A==
  dependencies:
    "@vue/shared" "3.2.45"

"@vue/runtime-core@3.2.45":
  version "3.2.45"
  resolved "https://registry.yarnpkg.com/@vue/runtime-core/-/runtime-core-3.2.45.tgz#7ad7ef9b2519d41062a30c6fa001ec43ac549c7f"
  integrity sha512-gzJiTA3f74cgARptqzYswmoQx0fIA+gGYBfokYVhF8YSXjWTUA2SngRzZRku2HbGbjzB6LBYSbKGIaK8IW+s0A==
  dependencies:
    "@vue/reactivity" "3.2.45"
    "@vue/shared" "3.2.45"

"@vue/runtime-dom@3.2.45":
  version "3.2.45"
  resolved "https://registry.yarnpkg.com/@vue/runtime-dom/-/runtime-dom-3.2.45.tgz#1a2ef6ee2ad876206fbbe2a884554bba2d0faf59"
  integrity sha512-cy88YpfP5Ue2bDBbj75Cb4bIEZUMM/mAkDMfqDTpUYVgTf/kuQ2VQ8LebuZ8k6EudgH8pYhsGWHlY0lcxlvTwA==
  dependencies:
    "@vue/runtime-core" "3.2.45"
    "@vue/shared" "3.2.45"
    csstype "^2.6.8"

"@vue/server-renderer@3.2.45":
  version "3.2.45"
  resolved "https://registry.yarnpkg.com/@vue/server-renderer/-/server-renderer-3.2.45.tgz#ca9306a0c12b0530a1a250e44f4a0abac6b81f3f"
  integrity sha512-ebiMq7q24WBU1D6uhPK//2OTR1iRIyxjF5iVq/1a5I1SDMDyDu4Ts6fJaMnjrvD3MqnaiFkKQj+LKAgz5WIK3g==
  dependencies:
    "@vue/compiler-ssr" "3.2.45"
    "@vue/shared" "3.2.45"

"@vue/shared@3.2.45":
  version "3.2.45"
  resolved "https://registry.yarnpkg.com/@vue/shared/-/shared-3.2.45.tgz#a3fffa7489eafff38d984e23d0236e230c818bc2"
  integrity sha512-Ewzq5Yhimg7pSztDV+RH1UDKBzmtqieXQlpTVm2AwraoRL/Rks96mvd8Vgi7Lj+h+TH8dv7mXD3FRZR3TUvbSg==

abab@^2.0.5, abab@^2.0.6:
  version "2.0.6"
  resolved "https://registry.yarnpkg.com/abab/-/abab-2.0.6.tgz#41b80f2c871d19686216b82309231cfd3cb3d291"
  integrity sha512-j2afSsaIENvHZN2B8GOpF566vZ5WVk5opAiMTvWgaQT8DkbOqsTfvNAvHoRGU2zzP8cPoqys+xHTRDWW8L+/BA==

acorn-globals@^6.0.0:
  version "6.0.0"
  resolved "https://registry.yarnpkg.com/acorn-globals/-/acorn-globals-6.0.0.tgz#46cdd39f0f8ff08a876619b55f5ac8a6dc770b45"
  integrity sha512-ZQl7LOWaF5ePqqcX4hLuv/bLXYQNfNWw2c0/yX/TsPRKamzHcTGQnlCjHT3TsmkOUVEPS3crCxiPfdzE/Trlhg==
  dependencies:
    acorn "^7.1.1"
    acorn-walk "^7.1.1"

acorn-walk@^7.1.1:
  version "7.2.0"
  resolved "https://registry.yarnpkg.com/acorn-walk/-/acorn-walk-7.2.0.tgz#0de889a601203909b0fbe07b8938dc21d2e967bc"
  integrity sha512-OPdCF6GsMIP+Az+aWfAAOEt2/+iVDKE7oy6lJ098aoe59oAmK76qV6Gw60SbZ8jHuG2wH058GF4pLFbYamYrVA==

acorn@^7.1.1:
  version "7.4.1"
  resolved "https://registry.yarnpkg.com/acorn/-/acorn-7.4.1.tgz#feaed255973d2e77555b83dbc08851a6c63520fa"
  integrity sha512-nQyp0o1/mNdbTO1PO6kHkwSrmgZ0MT/jCCpNiwbUjGoRN4dlBhqJtoQuCnEOKzgTVwg0ZWiCoQy6SxMebQVh8A==

acorn@^8.5.0:
  version "8.8.1"
  resolved "https://registry.yarnpkg.com/acorn/-/acorn-8.8.1.tgz#0a3f9cbecc4ec3bea6f0a80b66ae8dd2da250b73"
  integrity sha512-7zFpHzhnqYKrkYdUjF1HI1bzd0VygEGX8lFk4k5zVMqHEoES+P+7TKI+EvLO9WVMJ8eekdO0aDEK044xTXwPPA==

agent-base@6:
  version "6.0.2"
  resolved "https://registry.yarnpkg.com/agent-base/-/agent-base-6.0.2.tgz#49fff58577cfee3f37176feab4c22e00f86d7f77"
  integrity sha512-RZNwNclF7+MS/8bDg70amg32dyeZGZxiDuQmZxKLAlQjr3jGyLx+4Kkk58UO7D2QdgFIQCovuSuZESne6RG6XQ==
  dependencies:
    debug "4"

anymatch@~3.1.2:
  version "3.1.2"
  resolved "https://registry.yarnpkg.com/anymatch/-/anymatch-3.1.2.tgz#c0557c096af32f106198f4f4e2a383537e378716"
  integrity sha512-P43ePfOAIupkguHUycrc4qJ9kz8ZiuOUijaETwX7THt0Y/GNK7v0aa8rY816xWjZ7rJdA5XdMcpVFTKMq+RvWg==
  dependencies:
    normalize-path "^3.0.0"
    picomatch "^2.0.4"

asynckit@^0.4.0:
  version "0.4.0"
  resolved "https://registry.yarnpkg.com/asynckit/-/asynckit-0.4.0.tgz#c79ed97f7f34cb8f2ba1bc9790bcc366474b4b79"
  integrity sha512-Oei9OH4tRh0YqU3GxhX79dM/mwVgvbZJaSNaRk+bshkj0S5cfHcgYakreBjrHwatXKbz+IoIdYLxrKim2MjW0Q==

axios@^1.1.3:
  version "1.1.3"
  resolved "https://registry.yarnpkg.com/axios/-/axios-1.1.3.tgz#8274250dada2edf53814ed7db644b9c2866c1e35"
  integrity sha512-00tXVRwKx/FZr/IDVFt4C+f9FYairX517WoGCL6dpOntqLkZofjhu43F/Xl44UOpqa+9sLFDrG/XAnFsUYgkDA==
  dependencies:
    follow-redirects "^1.15.0"
    form-data "^4.0.0"
    proxy-from-env "^1.1.0"

binary-extensions@^2.0.0:
  version "2.2.0"
  resolved "https://registry.yarnpkg.com/binary-extensions/-/binary-extensions-2.2.0.tgz#75f502eeaf9ffde42fc98829645be4ea76bd9e2d"
  integrity sha512-jDctJ/IVQbZoJykoeHbhXpOlNBqGNcwXJKJog42E5HDPUwQTSdjCHdihjj0DlnheQ7blbT6dHOafNAiS8ooQKA==

braces@~3.0.2:
  version "3.0.2"
  resolved "https://registry.yarnpkg.com/braces/-/braces-3.0.2.tgz#3454e1a462ee8d599e236df336cd9ea4f8afe107"
  integrity sha512-b8um+L1RzM3WDSzvhm6gIz1yfTbBt6YTlcEKAvsmqCZZFw46z626lVj9j1yEPW33H5H+lBQpZMP1k8l+78Ha0A==
  dependencies:
    fill-range "^7.0.1"

browser-process-hrtime@^1.0.0:
  version "1.0.0"
  resolved "https://registry.yarnpkg.com/browser-process-hrtime/-/browser-process-hrtime-1.0.0.tgz#3c9b4b7d782c8121e56f10106d84c0d0ffc94626"
  integrity sha512-9o5UecI3GhkpM6DrXr69PblIuWxPKk9Y0jHBRhdocZ2y7YECBFCsHm79Pr3OyR2AvjhDkabFJaDJMYRazHgsow==

"chokidar@>=3.0.0 <4.0.0":
  version "3.5.3"
  resolved "https://registry.yarnpkg.com/chokidar/-/chokidar-3.5.3.tgz#1cf37c8707b932bd1af1ae22c0432e2acd1903bd"
  integrity sha512-Dr3sfKRP6oTcjf2JmUmFJfeVMvXBdegxB0iVQ5eb2V10uFJUCAS8OByZdVAyVb8xXNz3GjjTgj9kLWsZTqE6kw==
  dependencies:
    anymatch "~3.1.2"
    braces "~3.0.2"
    glob-parent "~5.1.2"
    is-binary-path "~2.1.0"
    is-glob "~4.0.1"
    normalize-path "~3.0.0"
    readdirp "~3.6.0"
  optionalDependencies:
    fsevents "~2.3.2"

combined-stream@^1.0.8:
  version "1.0.8"
  resolved "https://registry.yarnpkg.com/combined-stream/-/combined-stream-1.0.8.tgz#c3d45a8b34fd730631a110a8a2520682b31d5a7f"
  integrity sha512-FQN4MRfuJeHf7cBbBMJFXhKSDq+2kAArBlmRBvcvFE5BB1HZKXtSFASDhdlz9zOYwxh8lDdnvmMOe/+5cdoEdg==
  dependencies:
    delayed-stream "~1.0.0"

cssom@^0.5.0:
  version "0.5.0"
  resolved "https://registry.yarnpkg.com/cssom/-/cssom-0.5.0.tgz#d254fa92cd8b6fbd83811b9fbaed34663cc17c36"
  integrity sha512-iKuQcq+NdHqlAcwUY0o/HL69XQrUaQdMjmStJ8JFmUaiiQErlhrmuigkg/CU4E2J0IyUKUrMAgl36TvN67MqTw==

cssom@~0.3.6:
  version "0.3.8"
  resolved "https://registry.yarnpkg.com/cssom/-/cssom-0.3.8.tgz#9f1276f5b2b463f2114d3f2c75250af8c1a36f4a"
  integrity sha512-b0tGHbfegbhPJpxpiBPU2sCkigAqtM9O121le6bbOlgyV+NyGyCmVfJ6QW9eRjz8CpNfWEOYBIMIGRYkLwsIYg==

cssstyle@^2.3.0:
  version "2.3.0"
  resolved "https://registry.yarnpkg.com/cssstyle/-/cssstyle-2.3.0.tgz#ff665a0ddbdc31864b09647f34163443d90b0852"
  integrity sha512-AZL67abkUzIuvcHqk7c09cezpGNcxUxU4Ioi/05xHk4DQeTkWmGYftIE6ctU6AEt+Gn4n1lDStOtj7FKycP71A==
  dependencies:
    cssom "~0.3.6"

csstype@^2.6.8:
  version "2.6.21"
  resolved "https://registry.yarnpkg.com/csstype/-/csstype-2.6.21.tgz#2efb85b7cc55c80017c66a5ad7cbd931fda3a90e"
  integrity sha512-Z1PhmomIfypOpoMjRQB70jfvy/wxT50qW08YXO5lMIJkrdq4yOTR+AW7FqutScmB9NkLwxo+jU+kZLbofZZq/w==

data-urls@^3.0.1:
  version "3.0.2"
  resolved "https://registry.yarnpkg.com/data-urls/-/data-urls-3.0.2.tgz#9cf24a477ae22bcef5cd5f6f0bfbc1d2d3be9143"
  integrity sha512-Jy/tj3ldjZJo63sVAvg6LHt2mHvl4V6AgRAmNDtLdm7faqtsx+aJG42rsyCo9JCoRVKwPFzKlIPx3DIibwSIaQ==
  dependencies:
    abab "^2.0.6"
    whatwg-mimetype "^3.0.0"
    whatwg-url "^11.0.0"

debug@4:
  version "4.3.4"
  resolved "https://registry.yarnpkg.com/debug/-/debug-4.3.4.tgz#1319f6579357f2338d3337d2cdd4914bb5dcc865"
  integrity sha512-PRWFHuSU3eDtQJPvnNY7Jcket1j0t5OuOsFzPPzsekD52Zl8qUfFIPEiswXqIvHWGVHOgX+7G/vCNNhehwxfkQ==
  dependencies:
    ms "2.1.2"

decimal.js@^10.3.1:
  version "10.4.2"
  resolved "https://registry.yarnpkg.com/decimal.js/-/decimal.js-10.4.2.tgz#0341651d1d997d86065a2ce3a441fbd0d8e8b98e"
  integrity sha512-ic1yEvwT6GuvaYwBLLY6/aFFgjZdySKTE8en/fkU3QICTmRtgtSlFn0u0BXN06InZwtfCelR7j8LRiDI/02iGA==

deep-is@~0.1.3:
  version "0.1.4"
  resolved "https://registry.yarnpkg.com/deep-is/-/deep-is-0.1.4.tgz#a6f2dce612fadd2ef1f519b73551f17e85199831"
  integrity sha512-oIPzksmTg4/MriiaYGO+okXDT7ztn/w3Eptv/+gSIdMdKsJo0u4CfYNFJPy+4SKMuCqGw2wxnA+URMg3t8a/bQ==

delayed-stream@~1.0.0:
  version "1.0.0"
  resolved "https://registry.yarnpkg.com/delayed-stream/-/delayed-stream-1.0.0.tgz#df3ae199acadfb7d440aaae0b29e2272b24ec619"
  integrity sha512-ZySD7Nf91aLB0RxL4KGrKHBXl7Eds1DAmEdcoVawXnLD7SDhpNgtuII2aAkg7a7QS41jxPSZ17p4VdGnMHk3MQ==

domexception@^4.0.0:
  version "4.0.0"
  resolved "https://registry.yarnpkg.com/domexception/-/domexception-4.0.0.tgz#4ad1be56ccadc86fc76d033353999a8037d03673"
  integrity sha512-A2is4PLG+eeSfoTMA95/s4pvAoSo2mKtiM5jlHkAVewmiO8ISFTFKZjH7UAM1Atli/OT/7JHOrJRJiMKUZKYBw==
  dependencies:
    webidl-conversions "^7.0.0"

esbuild-android-64@0.15.14:
  version "0.15.14"
  resolved "https://registry.yarnpkg.com/esbuild-android-64/-/esbuild-android-64-0.15.14.tgz#114e55b0d58fb7b45d7fa3d93516bd13fc8869cc"
  integrity sha512-HuilVIb4rk9abT4U6bcFdU35UHOzcWVGLSjEmC58OVr96q5UiRqzDtWjPlCMugjhgUGKEs8Zf4ueIvYbOStbIg==

esbuild-android-arm64@0.15.14:
  version "0.15.14"
  resolved "https://registry.yarnpkg.com/esbuild-android-arm64/-/esbuild-android-arm64-0.15.14.tgz#8541f38a9aacf88e574fb13f5ad4ca51a04c12bb"
  integrity sha512-/QnxRVxsR2Vtf3XottAHj7hENAMW2wCs6S+OZcAbc/8nlhbAL/bCQRCVD78VtI5mdwqWkVi3wMqM94kScQCgqg==

esbuild-darwin-64@0.15.14:
  version "0.15.14"
  resolved "https://registry.yarnpkg.com/esbuild-darwin-64/-/esbuild-darwin-64-0.15.14.tgz#b40b334db81ff1e3677a6712b23761748a157c57"
  integrity sha512-ToNuf1uifu8hhwWvoZJGCdLIX/1zpo8cOGnT0XAhDQXiKOKYaotVNx7pOVB1f+wHoWwTLInrOmh3EmA7Fd+8Vg==

esbuild-darwin-arm64@0.15.14:
  version "0.15.14"
  resolved "https://registry.yarnpkg.com/esbuild-darwin-arm64/-/esbuild-darwin-arm64-0.15.14.tgz#44b5c1477bb7bdb852dd905e906f68765e2828bc"
  integrity sha512-KgGP+y77GszfYJgceO0Wi/PiRtYo5y2Xo9rhBUpxTPaBgWDJ14gqYN0+NMbu+qC2fykxXaipHxN4Scaj9tUS1A==

esbuild-freebsd-64@0.15.14:
  version "0.15.14"
  resolved "https://registry.yarnpkg.com/esbuild-freebsd-64/-/esbuild-freebsd-64-0.15.14.tgz#8c57315d238690f34b6ed0c94e5cfc04c858247a"
  integrity sha512-xr0E2n5lyWw3uFSwwUXHc0EcaBDtsal/iIfLioflHdhAe10KSctV978Te7YsfnsMKzcoGeS366+tqbCXdqDHQA==

esbuild-freebsd-arm64@0.15.14:
  version "0.15.14"
  resolved "https://registry.yarnpkg.com/esbuild-freebsd-arm64/-/esbuild-freebsd-arm64-0.15.14.tgz#2e92acca09258daa849e635565f52469266f0b7b"
  integrity sha512-8XH96sOQ4b1LhMlO10eEWOjEngmZ2oyw3pW4o8kvBcpF6pULr56eeYVP5radtgw54g3T8nKHDHYEI5AItvskZg==

esbuild-linux-32@0.15.14:
  version "0.15.14"
  resolved "https://registry.yarnpkg.com/esbuild-linux-32/-/esbuild-linux-32-0.15.14.tgz#ca5ed3e9dff82df486ddde362d7e00775a597dfd"
  integrity sha512-6ssnvwaTAi8AzKN8By2V0nS+WF5jTP7SfuK6sStGnDP7MCJo/4zHgM9oE1eQTS2jPmo3D673rckuCzRlig+HMA==

esbuild-linux-64@0.15.14:
  version "0.15.14"
  resolved "https://registry.yarnpkg.com/esbuild-linux-64/-/esbuild-linux-64-0.15.14.tgz#42952e1d08a299d5f573c567639fb37b033befbf"
  integrity sha512-ONySx3U0wAJOJuxGUlXBWxVKFVpWv88JEv0NZ6NlHknmDd1yCbf4AEdClSgLrqKQDXYywmw4gYDvdLsS6z0hcw==

esbuild-linux-arm64@0.15.14:
  version "0.15.14"
  resolved "https://registry.yarnpkg.com/esbuild-linux-arm64/-/esbuild-linux-arm64-0.15.14.tgz#0c0d788099703327ec0ae70758cb2639ef6c5d88"
  integrity sha512-kle2Ov6a1e5AjlHlMQl1e+c4myGTeggrRzArQFmWp6O6JoqqB9hT+B28EW4tjFWgV/NxUq46pWYpgaWXsXRPAg==

esbuild-linux-arm@0.15.14:
  version "0.15.14"
  resolved "https://registry.yarnpkg.com/esbuild-linux-arm/-/esbuild-linux-arm-0.15.14.tgz#751a5ca5042cd60f669b07c3bcec3dd6c4f8151c"
  integrity sha512-D2LImAIV3QzL7lHURyCHBkycVFbKwkDb1XEUWan+2fb4qfW7qAeUtul7ZIcIwFKZgPcl+6gKZmvLgPSj26RQ2Q==

esbuild-linux-mips64le@0.15.14:
  version "0.15.14"
  resolved "https://registry.yarnpkg.com/esbuild-linux-mips64le/-/esbuild-linux-mips64le-0.15.14.tgz#da8ac35f2704de0b52bf53a99c12f604fbe9b916"
  integrity sha512-FVdMYIzOLXUq+OE7XYKesuEAqZhmAIV6qOoYahvUp93oXy0MOVTP370ECbPfGXXUdlvc0TNgkJa3YhEwyZ6MRA==

esbuild-linux-ppc64le@0.15.14:
  version "0.15.14"
  resolved "https://registry.yarnpkg.com/esbuild-linux-ppc64le/-/esbuild-linux-ppc64le-0.15.14.tgz#a315b5016917429080c3d32e03319f1ff876ac55"
  integrity sha512-2NzH+iuzMDA+jjtPjuIz/OhRDf8tzbQ1tRZJI//aT25o1HKc0reMMXxKIYq/8nSHXiJSnYV4ODzTiv45s+h73w==

esbuild-linux-riscv64@0.15.14:
  version "0.15.14"
  resolved "https://registry.yarnpkg.com/esbuild-linux-riscv64/-/esbuild-linux-riscv64-0.15.14.tgz#9f2e0a935e5086d398fc19c7ff5d217bfefe3e12"
  integrity sha512-VqxvutZNlQxmUNS7Ac+aczttLEoHBJ9e3OYGqnULrfipRvG97qLrAv9EUY9iSrRKBqeEbSvS9bSfstZqwz0T4Q==

esbuild-linux-s390x@0.15.14:
  version "0.15.14"
  resolved "https://registry.yarnpkg.com/esbuild-linux-s390x/-/esbuild-linux-s390x-0.15.14.tgz#53108112faff5a4e1bad17f7b0b0ffa1df4b7efb"
  integrity sha512-+KVHEUshX5n6VP6Vp/AKv9fZIl5kr2ph8EUFmQUJnDpHwcfTSn2AQgYYm0HTBR2Mr4d0Wlr0FxF/Cs5pbFgiOw==

esbuild-netbsd-64@0.15.14:
  version "0.15.14"
  resolved "https://registry.yarnpkg.com/esbuild-netbsd-64/-/esbuild-netbsd-64-0.15.14.tgz#5330efc41fe4f1c2bab5462bcfe7a4ffce7ba00a"
  integrity sha512-6D/dr17piEgevIm1xJfZP2SjB9Z+g8ERhNnBdlZPBWZl+KSPUKLGF13AbvC+nzGh8IxOH2TyTIdRMvKMP0nEzQ==

esbuild-openbsd-64@0.15.14:
  version "0.15.14"
  resolved "https://registry.yarnpkg.com/esbuild-openbsd-64/-/esbuild-openbsd-64-0.15.14.tgz#ee64944d863e937611fc31adf349e9bb4f5f7eac"
  integrity sha512-rREQBIlMibBetgr2E9Lywt2Qxv2ZdpmYahR4IUlAQ1Efv/A5gYdO0/VIN3iowDbCNTLxp0bb57Vf0LFcffD6kA==

esbuild-sunos-64@0.15.14:
  version "0.15.14"
  resolved "https://registry.yarnpkg.com/esbuild-sunos-64/-/esbuild-sunos-64-0.15.14.tgz#29b0b20de6fe6ef50f9fbe533ec20dc4b595f9aa"
  integrity sha512-DNVjSp/BY4IfwtdUAvWGIDaIjJXY5KI4uD82+15v6k/w7px9dnaDaJJ2R6Mu+KCgr5oklmFc0KjBjh311Gxl9Q==

esbuild-windows-32@0.15.14:
  version "0.15.14"
  resolved "https://registry.yarnpkg.com/esbuild-windows-32/-/esbuild-windows-32-0.15.14.tgz#05e9b159d664809f7a4a8a68ed048d193457b27d"
  integrity sha512-pHBWrcA+/oLgvViuG9FO3kNPO635gkoVrRQwe6ZY1S0jdET07xe2toUvQoJQ8KT3/OkxqUasIty5hpuKFLD+eg==

esbuild-windows-64@0.15.14:
  version "0.15.14"
  resolved "https://registry.yarnpkg.com/esbuild-windows-64/-/esbuild-windows-64-0.15.14.tgz#d5ae086728ab30b72969e40ed0a7a0d9082f2cdd"
  integrity sha512-CszIGQVk/P8FOS5UgAH4hKc9zOaFo69fe+k1rqgBHx3CSK3Opyk5lwYriIamaWOVjBt7IwEP6NALz+tkVWdFog==

esbuild-windows-arm64@0.15.14:
  version "0.15.14"
  resolved "https://registry.yarnpkg.com/esbuild-windows-arm64/-/esbuild-windows-arm64-0.15.14.tgz#8eb50ab9a0ecaf058593fbad17502749306f801d"
  integrity sha512-KW9W4psdZceaS9A7Jsgl4WialOznSURvqX/oHZk3gOP7KbjtHLSsnmSvNdzagGJfxbAe30UVGXRe8q8nDsOSQw==

esbuild@^0.15.9:
  version "0.15.14"
  resolved "https://registry.yarnpkg.com/esbuild/-/esbuild-0.15.14.tgz#09202b811f1710363d5088a3401a351351c79875"
  integrity sha512-pJN8j42fvWLFWwSMG4luuupl2Me7mxciUOsMegKvwCmhEbJ2covUdFnihxm0FMIBV+cbwbtMoHgMCCI+pj1btQ==
  optionalDependencies:
    "@esbuild/android-arm" "0.15.14"
    "@esbuild/linux-loong64" "0.15.14"
    esbuild-android-64 "0.15.14"
    esbuild-android-arm64 "0.15.14"
    esbuild-darwin-64 "0.15.14"
    esbuild-darwin-arm64 "0.15.14"
    esbuild-freebsd-64 "0.15.14"
    esbuild-freebsd-arm64 "0.15.14"
    esbuild-linux-32 "0.15.14"
    esbuild-linux-64 "0.15.14"
    esbuild-linux-arm "0.15.14"
    esbuild-linux-arm64 "0.15.14"
    esbuild-linux-mips64le "0.15.14"
    esbuild-linux-ppc64le "0.15.14"
    esbuild-linux-riscv64 "0.15.14"
    esbuild-linux-s390x "0.15.14"
    esbuild-netbsd-64 "0.15.14"
    esbuild-openbsd-64 "0.15.14"
    esbuild-sunos-64 "0.15.14"
    esbuild-windows-32 "0.15.14"
    esbuild-windows-64 "0.15.14"
    esbuild-windows-arm64 "0.15.14"

escodegen@^2.0.0:
  version "2.0.0"
  resolved "https://registry.yarnpkg.com/escodegen/-/escodegen-2.0.0.tgz#5e32b12833e8aa8fa35e1bf0befa89380484c7dd"
  integrity sha512-mmHKys/C8BFUGI+MAWNcSYoORYLMdPzjrknd2Vc+bUsjN5bXcr8EhrNB+UTqfL1y3I9c4fw2ihgtMPQLBRiQxw==
  dependencies:
    esprima "^4.0.1"
    estraverse "^5.2.0"
    esutils "^2.0.2"
    optionator "^0.8.1"
  optionalDependencies:
    source-map "~0.6.1"

esprima@^4.0.1:
  version "4.0.1"
  resolved "https://registry.yarnpkg.com/esprima/-/esprima-4.0.1.tgz#13b04cdb3e6c5d19df91ab6987a8695619b0aa71"
  integrity sha512-eGuFFw7Upda+g4p+QHvnW0RyTX/SVeJBDM/gCtMARO0cLuT2HcEKnTPvhjV6aGeqrCB/sbNop0Kszm0jsaWU4A==

estraverse@^5.2.0:
  version "5.3.0"
  resolved "https://registry.yarnpkg.com/estraverse/-/estraverse-5.3.0.tgz#2eea5290702f26ab8fe5370370ff86c965d21123"
  integrity sha512-MMdARuVEQziNTeJD8DgMqmhwR11BRQ/cBP+pLtYdSTnf3MIO8fFeiINEbX36ZdNlfU/7A9f3gUw49B3oQsvwBA==

estree-walker@^2.0.2:
  version "2.0.2"
  resolved "https://registry.yarnpkg.com/estree-walker/-/estree-walker-2.0.2.tgz#52f010178c2a4c117a7757cfe942adb7d2da4cac"
  integrity sha512-Rfkk/Mp/DL7JVje3u18FxFujQlTNR2q6QfMSMB7AvCBx91NGj/ba3kCfza0f6dVDbw7YlRf/nDrn7pQrCCyQ/w==

esutils@^2.0.2:
  version "2.0.3"
  resolved "https://registry.yarnpkg.com/esutils/-/esutils-2.0.3.tgz#74d2eb4de0b8da1293711910d50775b9b710ef64"
  integrity sha512-kVscqXk4OCp68SZ0dkgEKVi6/8ij300KBWTJq32P/dYeWTSwK41WyTxalN1eRmA5Z9UU/LX9D7FWSmV9SAYx6g==

fast-levenshtein@~2.0.6:
  version "2.0.6"
  resolved "https://registry.yarnpkg.com/fast-levenshtein/-/fast-levenshtein-2.0.6.tgz#3d8a5c66883a16a30ca8643e851f19baa7797917"
  integrity sha512-DCXu6Ifhqcks7TZKY3Hxp3y6qphY5SJZmrWMDrKcERSOXWQdMhU9Ig/PYrzyw/ul9jOIyh0N4M0tbC5hodg8dw==

fill-range@^7.0.1:
  version "7.0.1"
  resolved "https://registry.yarnpkg.com/fill-range/-/fill-range-7.0.1.tgz#1919a6a7c75fe38b2c7c77e5198535da9acdda40"
  integrity sha512-qOo9F+dMUmC2Lcb4BbVvnKJxTPjCm+RRpe4gDuGrzkL7mEVl/djYSu2OdQ2Pa302N4oqkSg9ir6jaLWJ2USVpQ==
  dependencies:
    to-regex-range "^5.0.1"

follow-redirects@^1.15.0:
  version "1.15.2"
  resolved "https://registry.yarnpkg.com/follow-redirects/-/follow-redirects-1.15.2.tgz#b460864144ba63f2681096f274c4e57026da2c13"
  integrity sha512-VQLG33o04KaQ8uYi2tVNbdrWp1QWxNNea+nmIB4EVM28v0hmP17z7aG1+wAkNzVq4KeXTq3221ye5qTJP91JwA==

form-data@^4.0.0:
  version "4.0.0"
  resolved "https://registry.yarnpkg.com/form-data/-/form-data-4.0.0.tgz#93919daeaf361ee529584b9b31664dc12c9fa452"
  integrity sha512-ETEklSGi5t0QMZuiXoA/Q6vcnxcLQP5vdugSpuAyi6SVGi2clPPp+xgEhuMaHC+zGgn31Kd235W35f7Hykkaww==
  dependencies:
    asynckit "^0.4.0"
    combined-stream "^1.0.8"
    mime-types "^2.1.12"

fsevents@~2.3.2:
  version "2.3.2"
  resolved "https://registry.yarnpkg.com/fsevents/-/fsevents-2.3.2.tgz#8a526f78b8fdf4623b709e0b975c52c24c02fd1a"
  integrity sha512-xiqMQR4xAeHTuB9uWm+fFRcIOgKBMiOBP+eXiyT7jsgVCq1bkVygt00oASowB7EdtpOHaaPgKt812P9ab+DDKA==

function-bind@^1.1.1:
  version "1.1.1"
  resolved "https://registry.yarnpkg.com/function-bind/-/function-bind-1.1.1.tgz#a56899d3ea3c9bab874bb9773b7c5ede92f4895d"
  integrity sha512-yIovAzMX49sF8Yl58fSCWJ5svSLuaibPxXQJFLmBObTuCr0Mf1KiPopGM9NiFjiYBCbfaa2Fh6breQ6ANVTI0A==

glob-parent@~5.1.2:
  version "5.1.2"
  resolved "https://registry.yarnpkg.com/glob-parent/-/glob-parent-5.1.2.tgz#869832c58034fe68a4093c17dc15e8340d8401c4"
  integrity sha512-AOIgSQCepiJYwP3ARnGx+5VnTu2HBYdzbGP45eLw1vr3zB3vZLeyed1sC9hnbcOc9/SrMyM5RPQrkGz4aS9Zow==
  dependencies:
    is-glob "^4.0.1"

has@^1.0.3:
  version "1.0.3"
  resolved "https://registry.yarnpkg.com/has/-/has-1.0.3.tgz#722d7cbfc1f6aa8241f16dd814e011e1f41e8796"
  integrity sha512-f2dvO0VU6Oej7RkWJGrehjbzMAjFp5/VKPp5tTpWIV4JHHZK1/BxbFRtf/siA2SWTe09caDmVtYYzWEIbBS4zw==
  dependencies:
    function-bind "^1.1.1"

html-encoding-sniffer@^3.0.0:
  version "3.0.0"
  resolved "https://registry.yarnpkg.com/html-encoding-sniffer/-/html-encoding-sniffer-3.0.0.tgz#2cb1a8cf0db52414776e5b2a7a04d5dd98158de9"
  integrity sha512-oWv4T4yJ52iKrufjnyZPkrN0CH3QnrUqdB6In1g5Fe1mia8GmF36gnfNySxoZtxD5+NmYw1EElVXiBk93UeskA==
  dependencies:
    whatwg-encoding "^2.0.0"

http-proxy-agent@^5.0.0:
  version "5.0.0"
  resolved "https://registry.yarnpkg.com/http-proxy-agent/-/http-proxy-agent-5.0.0.tgz#5129800203520d434f142bc78ff3c170800f2b43"
  integrity sha512-n2hY8YdoRE1i7r6M0w9DIw5GgZN0G25P8zLCRQ8rjXtTU3vsNFBI/vWK/UIeE6g5MUUz6avwAPXmL6Fy9D/90w==
  dependencies:
    "@tootallnate/once" "2"
    agent-base "6"
    debug "4"

https-proxy-agent@^5.0.0:
  version "5.0.1"
  resolved "https://registry.yarnpkg.com/https-proxy-agent/-/https-proxy-agent-5.0.1.tgz#c59ef224a04fe8b754f3db0063a25ea30d0005d6"
  integrity sha512-dFcAjpTQFgoLMzC2VwU+C/CbS7uRL0lWmxDITmqm7C+7F0Odmj6s9l6alZc6AELXhrnggM2CeWSXHGOdX2YtwA==
  dependencies:
    agent-base "6"
    debug "4"

iconv-lite@0.6.3:
  version "0.6.3"
  resolved "https://registry.yarnpkg.com/iconv-lite/-/iconv-lite-0.6.3.tgz#a52f80bf38da1952eb5c681790719871a1a72501"
  integrity sha512-4fCk79wshMdzMp2rH06qWrJE4iolqLhCUH+OiuIgU++RB0+94NlDL81atO7GX55uUKueo0txHNtvEyI6D7WdMw==
  dependencies:
    safer-buffer ">= 2.1.2 < 3.0.0"

immutable@^4.0.0:
  version "4.1.0"
  resolved "https://registry.yarnpkg.com/immutable/-/immutable-4.1.0.tgz#f795787f0db780183307b9eb2091fcac1f6fafef"
  integrity sha512-oNkuqVTA8jqG1Q6c+UglTOD1xhC1BtjKI7XkCXRkZHrN5m18/XsnUp8Q89GkQO/z+0WjonSvl0FLhDYftp46nQ==

is-binary-path@~2.1.0:
  version "2.1.0"
  resolved "https://registry.yarnpkg.com/is-binary-path/-/is-binary-path-2.1.0.tgz#ea1f7f3b80f064236e83470f86c09c254fb45b09"
  integrity sha512-ZMERYes6pDydyuGidse7OsHxtbI7WVeUEozgR/g7rd0xUimYNlvZRE/K2MgZTjWy725IfelLeVcEM97mmtRGXw==
  dependencies:
    binary-extensions "^2.0.0"

is-core-module@^2.9.0:
  version "2.11.0"
  resolved "https://registry.yarnpkg.com/is-core-module/-/is-core-module-2.11.0.tgz#ad4cb3e3863e814523c96f3f58d26cc570ff0144"
  integrity sha512-RRjxlvLDkD1YJwDbroBHMb+cukurkDWNyHx7D3oNB5x9rb5ogcksMC5wHCadcXoo67gVr/+3GFySh3134zi6rw==
  dependencies:
    has "^1.0.3"

is-extglob@^2.1.1:
  version "2.1.1"
  resolved "https://registry.yarnpkg.com/is-extglob/-/is-extglob-2.1.1.tgz#a88c02535791f02ed37c76a1b9ea9773c833f8c2"
  integrity sha512-SbKbANkN603Vi4jEZv49LeVJMn4yGwsbzZworEoyEiutsN3nJYdbO36zfhGJ6QEDpOZIFkDtnq5JRxmvl3jsoQ==

is-glob@^4.0.1, is-glob@~4.0.1:
  version "4.0.3"
  resolved "https://registry.yarnpkg.com/is-glob/-/is-glob-4.0.3.tgz#64f61e42cbbb2eec2071a9dac0b28ba1e65d5084"
  integrity sha512-xelSayHH36ZgE7ZWhli7pW34hNbNl8Ojv5KVmkJD4hBdD3th8Tfk9vYasLM+mXWOZhFkgZfxhLSnrwRr4elSSg==
  dependencies:
    is-extglob "^2.1.1"

is-number@^7.0.0:
  version "7.0.0"
  resolved "https://registry.yarnpkg.com/is-number/-/is-number-7.0.0.tgz#7535345b896734d5f80c4d06c50955527a14f12b"
  integrity sha512-41Cifkg6e8TylSpdtTpeLVMqvSBEVzTttHvERD741+pnZ8ANv0004MRL43QKPDlK9cGvNp6NZWZUBlbGXYxxng==

is-potential-custom-element-name@^1.0.1:
  version "1.0.1"
  resolved "https://registry.yarnpkg.com/is-potential-custom-element-name/-/is-potential-custom-element-name-1.0.1.tgz#171ed6f19e3ac554394edf78caa05784a45bebb5"
  integrity sha512-bCYeRA2rVibKZd+s2625gGnGF/t7DSqDs4dP7CrLA1m7jKWz6pps0LpYLJN8Q64HtmPKJ1hrN3nzPNKFEKOUiQ==

jsdom@^19.0.0:
  version "19.0.0"
  resolved "https://registry.yarnpkg.com/jsdom/-/jsdom-19.0.0.tgz#93e67c149fe26816d38a849ea30ac93677e16b6a"
  integrity sha512-RYAyjCbxy/vri/CfnjUWJQQtZ3LKlLnDqj+9XLNnJPgEGeirZs3hllKR20re8LUZ6o1b1X4Jat+Qd26zmP41+A==
  dependencies:
    abab "^2.0.5"
    acorn "^8.5.0"
    acorn-globals "^6.0.0"
    cssom "^0.5.0"
    cssstyle "^2.3.0"
    data-urls "^3.0.1"
    decimal.js "^10.3.1"
    domexception "^4.0.0"
    escodegen "^2.0.0"
    form-data "^4.0.0"
    html-encoding-sniffer "^3.0.0"
    http-proxy-agent "^5.0.0"
    https-proxy-agent "^5.0.0"
    is-potential-custom-element-name "^1.0.1"
    nwsapi "^2.2.0"
    parse5 "6.0.1"
    saxes "^5.0.1"
    symbol-tree "^3.2.4"
    tough-cookie "^4.0.0"
    w3c-hr-time "^1.0.2"
    w3c-xmlserializer "^3.0.0"
    webidl-conversions "^7.0.0"
    whatwg-encoding "^2.0.0"
    whatwg-mimetype "^3.0.0"
    whatwg-url "^10.0.0"
    ws "^8.2.3"
    xml-name-validator "^4.0.0"

levn@~0.3.0:
  version "0.3.0"
  resolved "https://registry.yarnpkg.com/levn/-/levn-0.3.0.tgz#3b09924edf9f083c0490fdd4c0bc4421e04764ee"
  integrity sha512-0OO4y2iOHix2W6ujICbKIaEQXvFQHue65vUG3pb5EUomzPI90z9hsA1VsO/dbIIpC53J8gxM9Q4Oho0jrCM/yA==
  dependencies:
    prelude-ls "~1.1.2"
    type-check "~0.3.2"

magic-string@^0.25.7:
  version "0.25.9"
  resolved "https://registry.yarnpkg.com/magic-string/-/magic-string-0.25.9.tgz#de7f9faf91ef8a1c91d02c2e5314c8277dbcdd1c"
  integrity sha512-RmF0AsMzgt25qzqqLc1+MbHmhdx0ojF2Fvs4XnOqz2ZOBXzzkEwc/dJQZCYHAn7v1jbVOjAZfK8msRn4BxO4VQ==
  dependencies:
    sourcemap-codec "^1.4.8"

mime-db@1.52.0:
  version "1.52.0"
  resolved "https://registry.yarnpkg.com/mime-db/-/mime-db-1.52.0.tgz#bbabcdc02859f4987301c856e3387ce5ec43bf70"
  integrity sha512-sPU4uV7dYlvtWJxwwxHD0PuihVNiE7TyAbQ5SWxDCB9mUYvOgroQOwYQQOKPJ8CIbE+1ETVlOoK1UC2nU3gYvg==

mime-types@^2.1.12:
  version "2.1.35"
  resolved "https://registry.yarnpkg.com/mime-types/-/mime-types-2.1.35.tgz#381a871b62a734450660ae3deee44813f70d959a"
  integrity sha512-ZDY+bPm5zTTF+YpCrAU9nK0UgICYPT0QtT1NZWFv4s++TNkcgVaT0g6+4R2uI4MjQjzysHB1zxuWL50hzaeXiw==
  dependencies:
    mime-db "1.52.0"

ms@2.1.2:
  version "2.1.2"
  resolved "https://registry.yarnpkg.com/ms/-/ms-2.1.2.tgz#d09d1f357b443f493382a8eb3ccd183872ae6009"
  integrity sha512-sGkPx+VjMtmA6MX27oA4FBFELFCZZ4S4XqeGOXCv68tT+jb3vk/RyaKWP0PTKyWtmLSM0b+adUTEvbs1PEaH2w==

nanoid@^3.3.4:
  version "3.3.4"
  resolved "https://registry.yarnpkg.com/nanoid/-/nanoid-3.3.4.tgz#730b67e3cd09e2deacf03c027c81c9d9dbc5e8ab"
  integrity sha512-MqBkQh/OHTS2egovRtLk45wEyNXwF+cokD+1YPf9u5VfJiRdAiRwB2froX5Co9Rh20xs4siNPm8naNotSD6RBw==

normalize-path@^3.0.0, normalize-path@~3.0.0:
  version "3.0.0"
  resolved "https://registry.yarnpkg.com/normalize-path/-/normalize-path-3.0.0.tgz#0dcd69ff23a1c9b11fd0978316644a0388216a65"
  integrity sha512-6eZs5Ls3WtCisHWp9S2GUy8dqkpGi4BVSz3GaqiE6ezub0512ESztXUwUB6C6IKbQkY2Pnb/mD4WYojCRwcwLA==

nwsapi@^2.2.0:
  version "2.2.2"
  resolved "https://registry.yarnpkg.com/nwsapi/-/nwsapi-2.2.2.tgz#e5418863e7905df67d51ec95938d67bf801f0bb0"
  integrity sha512-90yv+6538zuvUMnN+zCr8LuV6bPFdq50304114vJYJ8RDyK8D5O9Phpbd6SZWgI7PwzmmfN1upeOJlvybDSgCw==

optionator@^0.8.1:
  version "0.8.3"
  resolved "https://registry.yarnpkg.com/optionator/-/optionator-0.8.3.tgz#84fa1d036fe9d3c7e21d99884b601167ec8fb495"
  integrity sha512-+IW9pACdk3XWmmTXG8m3upGUJst5XRGzxMRjXzAuJ1XnIFNvfhjjIuYkDvysnPQ7qzqVzLt78BCruntqRhWQbA==
  dependencies:
    deep-is "~0.1.3"
    fast-levenshtein "~2.0.6"
    levn "~0.3.0"
    prelude-ls "~1.1.2"
    type-check "~0.3.2"
    word-wrap "~1.2.3"

parse5@6.0.1:
  version "6.0.1"
  resolved "https://registry.yarnpkg.com/parse5/-/parse5-6.0.1.tgz#e1a1c085c569b3dc08321184f19a39cc27f7c30b"
  integrity sha512-Ofn/CTFzRGTTxwpNEs9PP93gXShHcTq255nzRYSKe8AkVpZY7e1fpmTfOyoIvjP5HG7Z2ZM7VS9PPhQGW2pOpw==

path-parse@^1.0.7:
  version "1.0.7"
  resolved "https://registry.yarnpkg.com/path-parse/-/path-parse-1.0.7.tgz#fbc114b60ca42b30d9daf5858e4bd68bbedb6735"
  integrity sha512-LDJzPVEEEPR+y48z93A0Ed0yXb8pAByGWo/k5YYdYgpY2/2EsOsksJrq7lOHxryrVOn1ejG6oAp8ahvOIQD8sw==

picocolors@^1.0.0:
  version "1.0.0"
  resolved "https://registry.yarnpkg.com/picocolors/-/picocolors-1.0.0.tgz#cb5bdc74ff3f51892236eaf79d68bc44564ab81c"
  integrity sha512-1fygroTLlHu66zi26VoTDv8yRgm0Fccecssto+MhsZ0D/DGW2sm8E8AjW7NU5VVTRt5GxbeZ5qBuJr+HyLYkjQ==

picomatch@^2.0.4, picomatch@^2.2.1:
  version "2.3.1"
  resolved "https://registry.yarnpkg.com/picomatch/-/picomatch-2.3.1.tgz#3ba3833733646d9d3e4995946c1365a67fb07a42"
  integrity sha512-JU3teHTNjmE2VCGFzuY8EXzCDVwEqB2a8fsIvwaStHhAWJEeVd1o1QD80CU6+ZdEXXSLbSsuLwJjkCBWqRQUVA==

postcss@^8.1.10, postcss@^8.4.18:
  version "8.4.19"
  resolved "https://registry.yarnpkg.com/postcss/-/postcss-8.4.19.tgz#61178e2add236b17351897c8bcc0b4c8ecab56fc"
  integrity sha512-h+pbPsyhlYj6N2ozBmHhHrs9DzGmbaarbLvWipMRO7RLS+v4onj26MPFXA5OBYFxyqYhUJK456SwDcY9H2/zsA==
  dependencies:
    nanoid "^3.3.4"
    picocolors "^1.0.0"
    source-map-js "^1.0.2"

prelude-ls@~1.1.2:
  version "1.1.2"
  resolved "https://registry.yarnpkg.com/prelude-ls/-/prelude-ls-1.1.2.tgz#21932a549f5e52ffd9a827f570e04be62a97da54"
  integrity sha512-ESF23V4SKG6lVSGZgYNpbsiaAkdab6ZgOxe52p7+Kid3W3u3bxR4Vfd/o21dmN7jSt0IwgZ4v5MUd26FEtXE9w==

proxy-from-env@^1.1.0:
  version "1.1.0"
  resolved "https://registry.yarnpkg.com/proxy-from-env/-/proxy-from-env-1.1.0.tgz#e102f16ca355424865755d2c9e8ea4f24d58c3e2"
  integrity sha512-D+zkORCbA9f1tdWRK0RaCR3GPv50cMxcrz4X8k5LTSUD1Dkw47mKJEZQNunItRTkWwgtaUSo1RVFRIG9ZXiFYg==

psl@^1.1.33:
  version "1.9.0"
  resolved "https://registry.yarnpkg.com/psl/-/psl-1.9.0.tgz#d0df2a137f00794565fcaf3b2c00cd09f8d5a5a7"
  integrity sha512-E/ZsdU4HLs/68gYzgGTkMicWTLPdAftJLfJFlLUAAKZGkStNU72sZjT66SnMDVOfOWY/YAoiD7Jxa9iHvngcag==

punycode@^2.1.1:
  version "2.1.1"
  resolved "https://registry.yarnpkg.com/punycode/-/punycode-2.1.1.tgz#b58b010ac40c22c5657616c8d2c2c02c7bf479ec"
  integrity sha512-XRsRjdf+j5ml+y/6GKHPZbrF/8p2Yga0JPtdqTIY2Xe5ohJPD9saDJJLPvp9+NSBprVvevdXZybnj2cv8OEd0A==

querystringify@^2.1.1:
  version "2.2.0"
  resolved "https://registry.yarnpkg.com/querystringify/-/querystringify-2.2.0.tgz#3345941b4153cb9d082d8eee4cda2016a9aef7f6"
  integrity sha512-FIqgj2EUvTa7R50u0rGsyTftzjYmv/a3hO345bZNrqabNqjtgiDMgmo4mkUjd+nzU5oF3dClKqFIPUKybUyqoQ==

readdirp@~3.6.0:
  version "3.6.0"
  resolved "https://registry.yarnpkg.com/readdirp/-/readdirp-3.6.0.tgz#74a370bd857116e245b29cc97340cd431a02a6c7"
  integrity sha512-hOS089on8RduqdbhvQ5Z37A0ESjsqz6qnRcffsMU3495FuTdqSm+7bhJ29JvIOsBDEEnan5DPu9t3To9VRlMzA==
  dependencies:
    picomatch "^2.2.1"

requires-port@^1.0.0:
  version "1.0.0"
  resolved "https://registry.yarnpkg.com/requires-port/-/requires-port-1.0.0.tgz#925d2601d39ac485e091cf0da5c6e694dc3dcaff"
  integrity sha512-KigOCHcocU3XODJxsu8i/j8T9tzT4adHiecwORRQ0ZZFcp7ahwXuRU1m+yuO90C5ZUyGeGfocHDI14M3L3yDAQ==

resolve@^1.22.1:
  version "1.22.1"
  resolved "https://registry.yarnpkg.com/resolve/-/resolve-1.22.1.tgz#27cb2ebb53f91abb49470a928bba7558066ac177"
  integrity sha512-nBpuuYuY5jFsli/JIs1oldw6fOQCBioohqWZg/2hiaOybXOft4lonv85uDOKXdf8rhyK159cxU5cDcK/NKk8zw==
  dependencies:
    is-core-module "^2.9.0"
    path-parse "^1.0.7"
    supports-preserve-symlinks-flag "^1.0.0"

rollup@^2.79.1:
  version "2.79.1"
  resolved "https://registry.yarnpkg.com/rollup/-/rollup-2.79.1.tgz#bedee8faef7c9f93a2647ac0108748f497f081c7"
  integrity sha512-uKxbd0IhMZOhjAiD5oAFp7BqvkA4Dv47qpOCtaNvng4HBwdbWtdOh8f5nZNuk2rp51PMGk3bzfWu5oayNEuYnw==
  optionalDependencies:
    fsevents "~2.3.2"

"safer-buffer@>= 2.1.2 < 3.0.0":
  version "2.1.2"
  resolved "https://registry.yarnpkg.com/safer-buffer/-/safer-buffer-2.1.2.tgz#44fa161b0187b9549dd84bb91802f9bd8385cd6a"
  integrity sha512-YZo3K82SD7Riyi0E1EQPojLz7kpepnSQI9IyPbHHg1XXXevb5dJI7tpyN2ADxGcQbHG7vcyRHk0cbwqcQriUtg==

sass@^1.56.1:
  version "1.56.1"
  resolved "https://registry.yarnpkg.com/sass/-/sass-1.56.1.tgz#94d3910cd468fd075fa87f5bb17437a0b617d8a7"
  integrity sha512-VpEyKpyBPCxE7qGDtOcdJ6fFbcpOM+Emu7uZLxVrkX8KVU/Dp5UF7WLvzqRuUhB6mqqQt1xffLoG+AndxTZrCQ==
  dependencies:
    chokidar ">=3.0.0 <4.0.0"
    immutable "^4.0.0"
    source-map-js ">=0.6.2 <2.0.0"

saxes@^5.0.1:
  version "5.0.1"
  resolved "https://registry.yarnpkg.com/saxes/-/saxes-5.0.1.tgz#eebab953fa3b7608dbe94e5dadb15c888fa6696d"
  integrity sha512-5LBh1Tls8c9xgGjw3QrMwETmTMVk0oFgvrFSvWx62llR2hcEInrKNZ2GZCCuuy2lvWrdl5jhbpeqc5hRYKFOcw==
  dependencies:
    xmlchars "^2.2.0"

"source-map-js@>=0.6.2 <2.0.0", source-map-js@^1.0.2:
  version "1.0.2"
  resolved "https://registry.yarnpkg.com/source-map-js/-/source-map-js-1.0.2.tgz#adbc361d9c62df380125e7f161f71c826f1e490c"
  integrity sha512-R0XvVJ9WusLiqTCEiGCmICCMplcCkIwwR11mOSD9CR5u+IXYdiseeEuXCVAjS54zqwkLcPNnmU4OeJ6tUrWhDw==

source-map@^0.6.1, source-map@~0.6.1:
  version "0.6.1"
  resolved "https://registry.yarnpkg.com/source-map/-/source-map-0.6.1.tgz#74722af32e9614e9c287a8d0bbde48b5e2f1a263"
  integrity sha512-UjgapumWlbMhkBgzT7Ykc5YXUT46F0iKu8SGXq0bcwP5dz/h0Plj6enJqjz1Zbq2l5WaqYnrVbwWOWMyF3F47g==

sourcemap-codec@^1.4.8:
  version "1.4.8"
  resolved "https://registry.yarnpkg.com/sourcemap-codec/-/sourcemap-codec-1.4.8.tgz#ea804bd94857402e6992d05a38ef1ae35a9ab4c4"
  integrity sha512-9NykojV5Uih4lgo5So5dtw+f0JgJX30KCNI8gwhz2J9A15wD0Ml6tjHKwf6fTSa6fAdVBdZeNOs9eJ71qCk8vA==

supports-preserve-symlinks-flag@^1.0.0:
  version "1.0.0"
  resolved "https://registry.yarnpkg.com/supports-preserve-symlinks-flag/-/supports-preserve-symlinks-flag-1.0.0.tgz#6eda4bd344a3c94aea376d4cc31bc77311039e09"
  integrity sha512-ot0WnXS9fgdkgIcePe6RHNk1WA8+muPa6cSjeR3V8K27q9BB1rTE3R1p7Hv0z1ZyAc8s6Vvv8DIyWf681MAt0w==

symbol-tree@^3.2.4:
  version "3.2.4"
  resolved "https://registry.yarnpkg.com/symbol-tree/-/symbol-tree-3.2.4.tgz#430637d248ba77e078883951fb9aa0eed7c63fa2"
  integrity sha512-9QNk5KwDF+Bvz+PyObkmSYjI5ksVUYtjW7AU22r2NKcfLJcXp96hkDWU3+XndOsUb+AQ9QhfzfCT2O+CNWT5Tw==

to-regex-range@^5.0.1:
  version "5.0.1"
  resolved "https://registry.yarnpkg.com/to-regex-range/-/to-regex-range-5.0.1.tgz#1648c44aae7c8d988a326018ed72f5b4dd0392e4"
  integrity sha512-65P7iz6X5yEr1cwcgvQxbbIw7Uk3gOy5dIdtZ4rDveLqhrdJP+Li/Hx6tyK0NEb+2GCyneCMJiGqrADCSNk8sQ==
  dependencies:
    is-number "^7.0.0"

tough-cookie@^4.0.0:
  version "4.1.2"
  resolved "https://registry.yarnpkg.com/tough-cookie/-/tough-cookie-4.1.2.tgz#e53e84b85f24e0b65dd526f46628db6c85f6b874"
  integrity sha512-G9fqXWoYFZgTc2z8Q5zaHy/vJMjm+WV0AkAeHxVCQiEB1b+dGvWzFW6QV07cY5jQ5gRkeid2qIkzkxUnmoQZUQ==
  dependencies:
    psl "^1.1.33"
    punycode "^2.1.1"
    universalify "^0.2.0"
    url-parse "^1.5.3"

tr46@^3.0.0:
  version "3.0.0"
  resolved "https://registry.yarnpkg.com/tr46/-/tr46-3.0.0.tgz#555c4e297a950617e8eeddef633c87d4d9d6cbf9"
  integrity sha512-l7FvfAHlcmulp8kr+flpQZmVwtu7nfRV7NZujtN0OqES8EL4O4e0qqzL0DC5gAvx/ZC/9lk6rhcUwYvkBnBnYA==
  dependencies:
    punycode "^2.1.1"

type-check@~0.3.2:
  version "0.3.2"
  resolved "https://registry.yarnpkg.com/type-check/-/type-check-0.3.2.tgz#5884cab512cf1d355e3fb784f30804b2b520db72"
  integrity sha512-ZCmOJdvOWDBYJlzAoFkC+Q0+bUyEOS1ltgp1MGU03fqHG+dbi9tBFU2Rd9QKiDZFAYrhPh2JUf7rZRIuHRKtOg==
  dependencies:
    prelude-ls "~1.1.2"

universalify@^0.2.0:
  version "0.2.0"
  resolved "https://registry.yarnpkg.com/universalify/-/universalify-0.2.0.tgz#6451760566fa857534745ab1dde952d1b1761be0"
  integrity sha512-CJ1QgKmNg3CwvAv/kOFmtnEN05f0D/cn9QntgNOQlQF9dgvVTHj3t+8JPdjqawCHk7V/KA+fbUqzZ9XWhcqPUg==

url-parse@^1.5.3:
  version "1.5.10"
  resolved "https://registry.yarnpkg.com/url-parse/-/url-parse-1.5.10.tgz#9d3c2f736c1d75dd3bd2be507dcc111f1e2ea9c1"
  integrity sha512-WypcfiRhfeUP9vvF0j6rw0J3hrWrw6iZv3+22h6iRMJ/8z1Tj6XfLP4DsUix5MhMPnXpiHDoKyoZ/bdCkwBCiQ==
  dependencies:
    querystringify "^2.1.1"
    requires-port "^1.0.0"

vite@^3.2.3:
  version "3.2.4"
  resolved "https://registry.yarnpkg.com/vite/-/vite-3.2.4.tgz#d8c7892dd4268064e04fffbe7d866207dd24166e"
  integrity sha512-Z2X6SRAffOUYTa+sLy3NQ7nlHFU100xwanq1WDwqaiFiCe+25zdxP1TfCS5ojPV2oDDcXudHIoPnI1Z/66B7Yw==
  dependencies:
    esbuild "^0.15.9"
    postcss "^8.4.18"
    resolve "^1.22.1"
    rollup "^2.79.1"
  optionalDependencies:
    fsevents "~2.3.2"

vue-router@^4.1.6:
  version "4.1.6"
  resolved "https://registry.yarnpkg.com/vue-router/-/vue-router-4.1.6.tgz#b70303737e12b4814578d21d68d21618469375a1"
  integrity sha512-DYWYwsG6xNPmLq/FmZn8Ip+qrhFEzA14EI12MsMgVxvHFDYvlr4NXpVF5hrRH1wVcDP8fGi5F4rxuJSl8/r+EQ==
  dependencies:
    "@vue/devtools-api" "^6.4.5"

vue@^3.2.41:
  version "3.2.45"
  resolved "https://registry.yarnpkg.com/vue/-/vue-3.2.45.tgz#94a116784447eb7dbd892167784619fef379b3c8"
  integrity sha512-9Nx/Mg2b2xWlXykmCwiTUCWHbWIj53bnkizBxKai1g61f2Xit700A1ljowpTIM11e3uipOeiPcSqnmBg6gyiaA==
  dependencies:
    "@vue/compiler-dom" "3.2.45"
    "@vue/compiler-sfc" "3.2.45"
    "@vue/runtime-dom" "3.2.45"
    "@vue/server-renderer" "3.2.45"
    "@vue/shared" "3.2.45"

vuex@^4.0.0:
  version "4.1.0"
  resolved "https://registry.yarnpkg.com/vuex/-/vuex-4.1.0.tgz#aa1b3ea5c7385812b074c86faeeec2217872e36c"
  integrity sha512-hmV6UerDrPcgbSy9ORAtNXDr9M4wlNP4pEFKye4ujJF8oqgFFuxDCdOLS3eNoRTtq5O3hoBDh9Doj1bQMYHRbQ==
  dependencies:
    "@vue/devtools-api" "^6.0.0-beta.11"

w3c-hr-time@^1.0.2:
  version "1.0.2"
  resolved "https://registry.yarnpkg.com/w3c-hr-time/-/w3c-hr-time-1.0.2.tgz#0a89cdf5cc15822df9c360543676963e0cc308cd"
  integrity sha512-z8P5DvDNjKDoFIHK7q8r8lackT6l+jo/Ye3HOle7l9nICP9lf1Ci25fy9vHd0JOWewkIFzXIEig3TdKT7JQ5fQ==
  dependencies:
    browser-process-hrtime "^1.0.0"

w3c-xmlserializer@^3.0.0:
  version "3.0.0"
  resolved "https://registry.yarnpkg.com/w3c-xmlserializer/-/w3c-xmlserializer-3.0.0.tgz#06cdc3eefb7e4d0b20a560a5a3aeb0d2d9a65923"
  integrity sha512-3WFqGEgSXIyGhOmAFtlicJNMjEps8b1MG31NCA0/vOF9+nKMUW1ckhi9cnNHmf88Rzw5V+dwIwsm2C7X8k9aQg==
  dependencies:
    xml-name-validator "^4.0.0"

webidl-conversions@^7.0.0:
  version "7.0.0"
  resolved "https://registry.yarnpkg.com/webidl-conversions/-/webidl-conversions-7.0.0.tgz#256b4e1882be7debbf01d05f0aa2039778ea080a"
  integrity sha512-VwddBukDzu71offAQR975unBIGqfKZpM+8ZX6ySk8nYhVoo5CYaZyzt3YBvYtRtO+aoGlqxPg/B87NGVZ/fu6g==

whatwg-encoding@^2.0.0:
  version "2.0.0"
  resolved "https://registry.yarnpkg.com/whatwg-encoding/-/whatwg-encoding-2.0.0.tgz#e7635f597fd87020858626805a2729fa7698ac53"
  integrity sha512-p41ogyeMUrw3jWclHWTQg1k05DSVXPLcVxRTYsXUk+ZooOCZLcoYgPZ/HL/D/N+uQPOtcp1me1WhBEaX02mhWg==
  dependencies:
    iconv-lite "0.6.3"

whatwg-mimetype@^3.0.0:
  version "3.0.0"
  resolved "https://registry.yarnpkg.com/whatwg-mimetype/-/whatwg-mimetype-3.0.0.tgz#5fa1a7623867ff1af6ca3dc72ad6b8a4208beba7"
  integrity sha512-nt+N2dzIutVRxARx1nghPKGv1xHikU7HKdfafKkLNLindmPU/ch3U31NOCGGA/dmPcmb1VlofO0vnKAcsm0o/Q==

whatwg-url@^10.0.0:
  version "10.0.0"
  resolved "https://registry.yarnpkg.com/whatwg-url/-/whatwg-url-10.0.0.tgz#37264f720b575b4a311bd4094ed8c760caaa05da"
  integrity sha512-CLxxCmdUby142H5FZzn4D8ikO1cmypvXVQktsgosNy4a4BHrDHeciBBGZhb0bNoR5/MltoCatso+vFjjGx8t0w==
  dependencies:
    tr46 "^3.0.0"
    webidl-conversions "^7.0.0"

whatwg-url@^11.0.0:
  version "11.0.0"
  resolved "https://registry.yarnpkg.com/whatwg-url/-/whatwg-url-11.0.0.tgz#0a849eebb5faf2119b901bb76fd795c2848d4018"
  integrity sha512-RKT8HExMpoYx4igMiVMY83lN6UeITKJlBQ+vR/8ZJ8OCdSiN3RwCq+9gH0+Xzj0+5IrM6i4j/6LuvzbZIQgEcQ==
  dependencies:
    tr46 "^3.0.0"
    webidl-conversions "^7.0.0"

word-wrap@~1.2.3:
  version "1.2.3"
  resolved "https://registry.yarnpkg.com/word-wrap/-/word-wrap-1.2.3.tgz#610636f6b1f703891bd34771ccb17fb93b47079c"
  integrity sha512-Hz/mrNwitNRh/HUAtM/VT/5VH+ygD6DV7mYKZAtHOrbs8U7lvPS6xf7EJKMF0uW1KJCl0H701g3ZGus+muE5vQ==

ws@^8.2.3:
  version "8.11.0"
  resolved "https://registry.yarnpkg.com/ws/-/ws-8.11.0.tgz#6a0d36b8edfd9f96d8b25683db2f8d7de6e8e143"
  integrity sha512-HPG3wQd9sNQoT9xHyNCXoDUa+Xw/VevmY9FoHyQ+g+rrMn4j6FB4np7Z0OhdTgjx6MgQLK7jwSy1YecU1+4Asg==

xml-name-validator@^4.0.0:
  version "4.0.0"
  resolved "https://registry.yarnpkg.com/xml-name-validator/-/xml-name-validator-4.0.0.tgz#79a006e2e63149a8600f15430f0a4725d1524835"
  integrity sha512-ICP2e+jsHvAj2E2lIHxa5tjXRlKDJo4IdvPvCXbXQGdzSfmSpNVyIKMvoZHjDY9DP0zV17iI85o90vRFXNccRw==

xmlchars@^2.2.0:
  version "2.2.0"
  resolved "https://registry.yarnpkg.com/xmlchars/-/xmlchars-2.2.0.tgz#060fe1bcb7f9c76fe2a17db86a9bc3ab894210cb"
  integrity sha512-JZnDKK8B0RCDw84FNdDAIpZK+JuJw+s7Lz8nksI7SIuU3UXJJslUthsi+uWBUYOwPFwW7W7PRLRfUKpxjtjFCw==
